
Microsoft Visual Studio Solution File, Format Version 12.00
# Visual Studio Version 16
VisualStudioVersion = 16.0.32106.194
MinimumVisualStudioVersion = 10.0.40219.1
Project("{FAE04EC0-301F-11D3-BF4B-00C04F79EFBC}") = "15032022_ResultTurleri", "15032022_ResultTurleri\15032022_ResultTurleri.csproj", "{69805657-D51B-4DDA-8988-5D2A51610A70}"
EndProject
Global
	GlobalSection(SolutionConfigurationPlatforms) = preSolution
		Debug|Any CPU = Debug|Any CPU
		Release|Any CPU = Release|Any CPU
	EndGlobalSection
	GlobalSection(ProjectConfigurationPlatforms) = postSolution
		{69805657-D51B-4DDA-8988-5D2A51610A70}.Debug|Any CPU.ActiveCfg = Debug|Any CPU
		{69805657-D51B-4DDA-8988-5D2A51610A70}.Debug|Any CPU.Build.0 = Debug|Any CPU
		{69805657-D51B-4DDA-8988-5D2A51610A70}.Release|Any CPU.ActiveCfg = Release|Any CPU
		{69805657-D51B-4DDA-8988-5D2A51610A70}.Release|Any CPU.Build.0 = Release|Any CPU
	EndGlobalSection
	GlobalSection(SolutionProperties) = preSolution
		HideSolutionNode = FALSE
	EndGlobalSection
	GlobalSection(ExtensibilityGlobals) = postSolution
		SolutionGuid = {73DF9C53-66CD-4829-A6C4-A9AD632E33AB}
	EndGlobalSection
EndGlobal
